// !$*UTF8*$!
{
	archiveVersion = 1;
	classes = {
	};
	objectVersion = 46;
	objects = {

/* Begin PBXBuildFile section */
		5BD1CB9B1B3C61AF00DC86C7 /* delete.png in Resources */ = {isa = PBXBuildFile; fileRef = 5BD1CB9A1B3C61AF00DC86C7 /* delete.png */; };
		5BD1CBA71B3C687C00DC86C7 /* 0.jpg in Resources */ = {isa = PBXBuildFile; fileRef = 5BD1CB9C1B3C687C00DC86C7 /* 0.jpg */; };
		5BD1CBA81B3C687C00DC86C7 /* 1.jpg in Resources */ = {isa = PBXBuildFile; fileRef = 5BD1CB9D1B3C687C00DC86C7 /* 1.jpg */; };
		5BD1CBA91B3C687C00DC86C7 /* 2.jpg in Resources */ = {isa = PBXBuildFile; fileRef = 5BD1CB9E1B3C687C00DC86C7 /* 2.jpg */; };
		5BD1CBAA1B3C687C00DC86C7 /* 3.jpg in Resources */ = {isa = PBXBuildFile; fileRef = 5BD1CB9F1B3C687C00DC86C7 /* 3.jpg */; };
		5BD1CBAB1B3C687C00DC86C7 /* 4.jpg in Resources */ = {isa = PBXBuildFile; fileRef = 5BD1CBA01B3C687C00DC86C7 /* 4.jpg */; };
		5BD1CBAC1B3C687C00DC86C7 /* 5.jpg in Resources */ = {isa = PBXBuildFile; fileRef = 5BD1CBA11B3C687C00DC86C7 /* 5.jpg */; };
		5BD1CBAD1B3C687C00DC86C7 /* 6.jpg in Resources */ = {isa = PBXBuildFile; fileRef = 5BD1CBA21B3C687C00DC86C7 /* 6.jpg */; };
		5BD1CBAE1B3C687C00DC86C7 /* 7.jpg in Resources */ = {isa = PBXBuildFile; fileRef = 5BD1CBA31B3C687C00DC86C7 /* 7.jpg */; };
		5BD1CBAF1B3C687C00DC86C7 /* 9.jpg in Resources */ = {isa = PBXBuildFile; fileRef = 5BD1CBA41B3C687C00DC86C7 /* 9.jpg */; };
		5BD1CBB01B3C687C00DC86C7 /* 10.jpg in Resources */ = {isa = PBXBuildFile; fileRef = 5BD1CBA51B3C687C00DC86C7 /* 10.jpg */; };
		5BD1CBB11B3C687C00DC86C7 /* 8.jpg in Resources */ = {isa = PBXBuildFile; fileRef = 5BD1CBA61B3C687C00DC86C7 /* 8.jpg */; };
		D731DA561B3BFE6900B896E6 /* main.m in Sources */ = {isa = PBXBuildFile; fileRef = D731DA551B3BFE6900B896E6 /* main.m */; };
		D731DA591B3BFE6900B896E6 /* AppDelegate.m in Sources */ = {isa = PBXBuildFile; fileRef = D731DA581B3BFE6900B896E6 /* AppDelegate.m */; };
		D731DA5C1B3BFE6900B896E6 /* ViewController.m in Sources */ = {isa = PBXBuildFile; fileRef = D731DA5B1B3BFE6900B896E6 /* ViewController.m */; };
		D731DA5F1B3BFE6900B896E6 /* Main.storyboard in Resources */ = {isa = PBXBuildFile; fileRef = D731DA5D1B3BFE6900B896E6 /* Main.storyboard */; };
		D731DA611B3BFE6900B896E6 /* Images.xcassets in Resources */ = {isa = PBXBuildFile; fileRef = D731DA601B3BFE6900B896E6 /* Images.xcassets */; };
		D731DA641B3BFE6900B896E6 /* LaunchScreen.xib in Resources */ = {isa = PBXBuildFile; fileRef = D731DA621B3BFE6900B896E6 /* LaunchScreen.xib */; };
		D731DA701B3BFE6A00B896E6 /* XPhotoBrowserTests.m in Sources */ = {isa = PBXBuildFile; fileRef = D731DA6F1B3BFE6A00B896E6 /* XPhotoBrowserTests.m */; };
		D731DA7F1B3C00A200B896E6 /* XPhotoBrowserViewController.m in Sources */ = {isa = PBXBuildFile; fileRef = D731DA7E1B3C00A200B896E6 /* XPhotoBrowserViewController.m */; };
		D731DA821B3C00CD00B896E6 /* XPhoto.m in Sources */ = {isa = PBXBuildFile; fileRef = D731DA811B3C00CD00B896E6 /* XPhoto.m */; };
		D731DA851B3C01C000B896E6 /* XPhotoView.m in Sources */ = {isa = PBXBuildFile; fileRef = D731DA841B3C01C000B896E6 /* XPhotoView.m */; };
/* End PBXBuildFile section */

/* Begin PBXContainerItemProxy section */
		D731DA6A1B3BFE6A00B896E6 /* PBXContainerItemProxy */ = {
			isa = PBXContainerItemProxy;
			containerPortal = D731DA481B3BFE6900B896E6 /* Project object */;
			proxyType = 1;
			remoteGlobalIDString = D731DA4F1B3BFE6900B896E6;
			remoteInfo = XPhotoBrowser;
		};
/* End PBXContainerItemProxy section */

/* Begin PBXFileReference section */
		5BD1CB9A1B3C61AF00DC86C7 /* delete.png */ = {isa = PBXFileReference; lastKnownFileType = image.png; path = delete.png; sourceTree = "<group>"; };
		5BD1CB9C1B3C687C00DC86C7 /* 0.jpg */ = {isa = PBXFileReference; lastKnownFileType = image.jpeg; path = 0.jpg; sourceTree = "<group>"; };
		5BD1CB9D1B3C687C00DC86C7 /* 1.jpg */ = {isa = PBXFileReference; lastKnownFileType = image.jpeg; path = 1.jpg; sourceTree = "<group>"; };
		5BD1CB9E1B3C687C00DC86C7 /* 2.jpg */ = {isa = PBXFileReference; lastKnownFileType = image.jpeg; path = 2.jpg; sourceTree = "<group>"; };
		5BD1CB9F1B3C687C00DC86C7 /* 3.jpg */ = {isa = PBXFileReference; lastKnownFileType = image.jpeg; path = 3.jpg; sourceTree = "<group>"; };
		5BD1CBA01B3C687C00DC86C7 /* 4.jpg */ = {isa = PBXFileReference; lastKnownFileType = image.jpeg; path = 4.jpg; sourceTree = "<group>"; };
		5BD1CBA11B3C687C00DC86C7 /* 5.jpg */ = {isa = PBXFileReference; lastKnownFileType = image.jpeg; path = 5.jpg; sourceTree = "<group>"; };
		5BD1CBA21B3C687C00DC86C7 /* 6.jpg */ = {isa = PBXFileReference; lastKnownFileType = image.jpeg; path = 6.jpg; sourceTree = "<group>"; };
		5BD1CBA31B3C687C00DC86C7 /* 7.jpg */ = {isa = PBXFileReference; lastKnownFileType = image.jpeg; path = 7.jpg; sourceTree = "<group>"; };
		5BD1CBA41B3C687C00DC86C7 /* 9.jpg */ = {isa = PBXFileReference; lastKnownFileType = image.jpeg; path = 9.jpg; sourceTree = "<group>"; };
		5BD1CBA51B3C687C00DC86C7 /* 10.jpg */ = {isa = PBXFileReference; lastKnownFileType = image.jpeg; path = 10.jpg; sourceTree = "<group>"; };
		5BD1CBA61B3C687C00DC86C7 /* 8.jpg */ = {isa = PBXFileReference; lastKnownFileType = image.jpeg; path = 8.jpg; sourceTree = "<group>"; };
		D731DA501B3BFE6900B896E6 /* XPhotoBrowser.app */ = {isa = PBXFileReference; explicitFileType = wrapper.application; includeInIndex = 0; path = XPhotoBrowser.app; sourceTree = BUILT_PRODUCTS_DIR; };
		D731DA541B3BFE6900B896E6 /* Info.plist */ = {isa = PBXFileReference; lastKnownFileType = text.plist.xml; path = Info.plist; sourceTree = "<group>"; };
		D731DA551B3BFE6900B896E6 /* main.m */ = {isa = PBXFileReference; lastKnownFileType = sourcecode.c.objc; path = main.m; sourceTree = "<group>"; };
		D731DA571B3BFE6900B896E6 /* AppDelegate.h */ = {isa = PBXFileReference; lastKnownFileType = sourcecode.c.h; path = AppDelegate.h; sourceTree = "<group>"; };
		D731DA581B3BFE6900B896E6 /* AppDelegate.m */ = {isa = PBXFileReference; lastKnownFileType = sourcecode.c.objc; path = AppDelegate.m; sourceTree = "<group>"; };
		D731DA5A1B3BFE6900B896E6 /* ViewController.h */ = {isa = PBXFileReference; lastKnownFileType = sourcecode.c.h; path = ViewController.h; sourceTree = "<group>"; };
		D731DA5B1B3BFE6900B896E6 /* ViewController.m */ = {isa = PBXFileReference; lastKnownFileType = sourcecode.c.objc; path = ViewController.m; sourceTree = "<group>"; };
		D731DA5E1B3BFE6900B896E6 /* Base */ = {isa = PBXFileReference; lastKnownFileType = file.storyboard; name = Base; path = Base.lproj/Main.storyboard; sourceTree = "<group>"; };
		D731DA601B3BFE6900B896E6 /* Images.xcassets */ = {isa = PBXFileReference; lastKnownFileType = folder.assetcatalog; path = Images.xcassets; sourceTree = "<group>"; };
		D731DA631B3BFE6900B896E6 /* Base */ = {isa = PBXFileReference; lastKnownFileType = file.xib; name = Base; path = Base.lproj/LaunchScreen.xib; sourceTree = "<group>"; };
		D731DA691B3BFE6A00B896E6 /* XPhotoBrowserTests.xctest */ = {isa = PBXFileReference; explicitFileType = wrapper.cfbundle; includeInIndex = 0; path = XPhotoBrowserTests.xctest; sourceTree = BUILT_PRODUCTS_DIR; };
		D731DA6E1B3BFE6A00B896E6 /* Info.plist */ = {isa = PBXFileReference; lastKnownFileType = text.plist.xml; path = Info.plist; sourceTree = "<group>"; };
		D731DA6F1B3BFE6A00B896E6 /* XPhotoBrowserTests.m */ = {isa = PBXFileReference; lastKnownFileType = sourcecode.c.objc; path = XPhotoBrowserTests.m; sourceTree = "<group>"; };
		D731DA7D1B3C00A200B896E6 /* XPhotoBrowserViewController.h */ = {isa = PBXFileReference; fileEncoding = 4; lastKnownFileType = sourcecode.c.h; path = XPhotoBrowserViewController.h; sourceTree = "<group>"; };
		D731DA7E1B3C00A200B896E6 /* XPhotoBrowserViewController.m */ = {isa = PBXFileReference; fileEncoding = 4; lastKnownFileType = sourcecode.c.objc; path = XPhotoBrowserViewController.m; sourceTree = "<group>"; };
		D731DA801B3C00CD00B896E6 /* XPhoto.h */ = {isa = PBXFileReference; fileEncoding = 4; lastKnownFileType = sourcecode.c.h; path = XPhoto.h; sourceTree = "<group>"; };
		D731DA811B3C00CD00B896E6 /* XPhoto.m */ = {isa = PBXFileReference; fileEncoding = 4; lastKnownFileType = sourcecode.c.objc; path = XPhoto.m; sourceTree = "<group>"; };
		D731DA831B3C01C000B896E6 /* XPhotoView.h */ = {isa = PBXFileReference; fileEncoding = 4; lastKnownFileType = sourcecode.c.h; path = XPhotoView.h; sourceTree = "<group>"; };
		D731DA841B3C01C000B896E6 /* XPhotoView.m */ = {isa = PBXFileReference; fileEncoding = 4; lastKnownFileType = sourcecode.c.objc; path = XPhotoView.m; sourceTree = "<group>"; };
/* End PBXFileReference section */

/* Begin PBXFrameworksBuildPhase section */
		D731DA4D1B3BFE6900B896E6 /* Frameworks */ = {
			isa = PBXFrameworksBuildPhase;
			buildActionMask = 2147483647;
			files = (
			);
			runOnlyForDeploymentPostprocessing = 0;
		};
		D731DA661B3BFE6A00B896E6 /* Frameworks */ = {
			isa = PBXFrameworksBuildPhase;
			buildActionMask = 2147483647;
			files = (
			);
			runOnlyForDeploymentPostprocessing = 0;
		};
/* End PBXFrameworksBuildPhase section */

/* Begin PBXGroup section */
		D731DA471B3BFE6900B896E6 = {
			isa = PBXGroup;
			children = (
				D731DA521B3BFE6900B896E6 /* XPhotoBrowser */,
				D731DA6C1B3BFE6A00B896E6 /* XPhotoBrowserTests */,
				D731DA511B3BFE6900B896E6 /* Products */,
			);
			sourceTree = "<group>";
		};
		D731DA511B3BFE6900B896E6 /* Products */ = {
			isa = PBXGroup;
			children = (
				D731DA501B3BFE6900B896E6 /* XPhotoBrowser.app */,
				D731DA691B3BFE6A00B896E6 /* XPhotoBrowserTests.xctest */,
			);
			name = Products;
			sourceTree = "<group>";
		};
		D731DA521B3BFE6900B896E6 /* XPhotoBrowser */ = {
			isa = PBXGroup;
			children = (
				5BD1CB9C1B3C687C00DC86C7 /* 0.jpg */,
				5BD1CB9D1B3C687C00DC86C7 /* 1.jpg */,
				5BD1CB9E1B3C687C00DC86C7 /* 2.jpg */,
				5BD1CB9F1B3C687C00DC86C7 /* 3.jpg */,
				5BD1CBA01B3C687C00DC86C7 /* 4.jpg */,
				5BD1CBA11B3C687C00DC86C7 /* 5.jpg */,
				5BD1CBA21B3C687C00DC86C7 /* 6.jpg */,
				5BD1CBA31B3C687C00DC86C7 /* 7.jpg */,
				5BD1CBA41B3C687C00DC86C7 /* 9.jpg */,
				5BD1CBA51B3C687C00DC86C7 /* 10.jpg */,
				5BD1CBA61B3C687C00DC86C7 /* 8.jpg */,
				5BD1CB9A1B3C61AF00DC86C7 /* delete.png */,
				D731DA7C1B3C00A200B896E6 /* XPhotoBrowser */,
				D731DA571B3BFE6900B896E6 /* AppDelegate.h */,
				D731DA581B3BFE6900B896E6 /* AppDelegate.m */,
				D731DA5A1B3BFE6900B896E6 /* ViewController.h */,
				D731DA5B1B3BFE6900B896E6 /* ViewController.m */,
				D731DA5D1B3BFE6900B896E6 /* Main.storyboard */,
				D731DA601B3BFE6900B896E6 /* Images.xcassets */,
				D731DA621B3BFE6900B896E6 /* LaunchScreen.xib */,
				D731DA531B3BFE6900B896E6 /* Supporting Files */,
			);
			path = XPhotoBrowser;
			sourceTree = "<group>";
		};
		D731DA531B3BFE6900B896E6 /* Supporting Files */ = {
			isa = PBXGroup;
			children = (
				D731DA541B3BFE6900B896E6 /* Info.plist */,
				D731DA551B3BFE6900B896E6 /* main.m */,
			);
			name = "Supporting Files";
			sourceTree = "<group>";
		};
		D731DA6C1B3BFE6A00B896E6 /* XPhotoBrowserTests */ = {
			isa = PBXGroup;
			children = (
				D731DA6F1B3BFE6A00B896E6 /* XPhotoBrowserTests.m */,
				D731DA6D1B3BFE6A00B896E6 /* Supporting Files */,
			);
			path = XPhotoBrowserTests;
			sourceTree = "<group>";
		};
		D731DA6D1B3BFE6A00B896E6 /* Supporting Files */ = {
			isa = PBXGroup;
			children = (
				D731DA6E1B3BFE6A00B896E6 /* Info.plist */,
			);
			name = "Supporting Files";
			sourceTree = "<group>";
		};
		D731DA7C1B3C00A200B896E6 /* XPhotoBrowser */ = {
			isa = PBXGroup;
			children = (
				D731DA7D1B3C00A200B896E6 /* XPhotoBrowserViewController.h */,
				D731DA7E1B3C00A200B896E6 /* XPhotoBrowserViewController.m */,
				D731DA801B3C00CD00B896E6 /* XPhoto.h */,
				D731DA811B3C00CD00B896E6 /* XPhoto.m */,
				D731DA831B3C01C000B896E6 /* XPhotoView.h */,
				D731DA841B3C01C000B896E6 /* XPhotoView.m */,
			);
			path = XPhotoBrowser;
			sourceTree = "<group>";
		};
/* End PBXGroup section */

/* Begin PBXNativeTarget section */
		D731DA4F1B3BFE6900B896E6 /* XPhotoBrowser */ = {
			isa = PBXNativeTarget;
			buildConfigurationList = D731DA731B3BFE6A00B896E6 /* Build configuration list for PBXNativeTarget "XPhotoBrowser" */;
			buildPhases = (
				D731DA4C1B3BFE6900B896E6 /* Sources */,
				D731DA4D1B3BFE6900B896E6 /* Frameworks */,
				D731DA4E1B3BFE6900B896E6 /* Resources */,
			);
			buildRules = (
			);
			dependencies = (
			);
			name = XPhotoBrowser;
			productName = XPhotoBrowser;
			productReference = D731DA501B3BFE6900B896E6 /* XPhotoBrowser.app */;
			productType = "com.apple.product-type.application";
		};
		D731DA681B3BFE6A00B896E6 /* XPhotoBrowserTests */ = {
			isa = PBXNativeTarget;
			buildConfigurationList = D731DA761B3BFE6A00B896E6 /* Build configuration list for PBXNativeTarget "XPhotoBrowserTests" */;
			buildPhases = (
				D731DA651B3BFE6A00B896E6 /* Sources */,
				D731DA661B3BFE6A00B896E6 /* Frameworks */,
				D731DA671B3BFE6A00B896E6 /* Resources */,
			);
			buildRules = (
			);
			dependencies = (
				D731DA6B1B3BFE6A00B896E6 /* PBXTargetDependency */,
			);
			name = XPhotoBrowserTests;
			productName = XPhotoBrowserTests;
			productReference = D731DA691B3BFE6A00B896E6 /* XPhotoBrowserTests.xctest */;
			productType = "com.apple.product-type.bundle.unit-test";
		};
/* End PBXNativeTarget section */

/* Begin PBXProject section */
		D731DA481B3BFE6900B896E6 /* Project object */ = {
			isa = PBXProject;
			attributes = {
				LastUpgradeCheck = 0630;
				ORGANIZATIONNAME = Chensh;
				TargetAttributes = {
					D731DA4F1B3BFE6900B896E6 = {
						CreatedOnToolsVersion = 6.3.1;
					};
					D731DA681B3BFE6A00B896E6 = {
						CreatedOnToolsVersion = 6.3.1;
						TestTargetID = D731DA4F1B3BFE6900B896E6;
					};
				};
			};
			buildConfigurationList = D731DA4B1B3BFE6900B896E6 /* Build configuration list for PBXProject "XPhotoBrowser" */;
			compatibilityVersion = "Xcode 3.2";
			developmentRegion = English;
			hasScannedForEncodings = 0;
			knownRegions = (
				en,
				Base,
			);
			mainGroup = D731DA471B3BFE6900B896E6;
			productRefGroup = D731DA511B3BFE6900B896E6 /* Products */;
			projectDirPath = "";
			projectRoot = "";
			targets = (
				D731DA4F1B3BFE6900B896E6 /* XPhotoBrowser */,
				D731DA681B3BFE6A00B896E6 /* XPhotoBrowserTests */,
			);
		};
/* End PBXProject section */

/* Begin PBXResourcesBuildPhase section */
		D731DA4E1B3BFE6900B896E6 /* Resources */ = {
			isa = PBXResourcesBuildPhase;
			buildActionMask = 2147483647;
			files = (
				5BD1CBAD1B3C687C00DC86C7 /* 6.jpg in Resources */,
				5BD1CBAB1B3C687C00DC86C7 /* 4.jpg in Resources */,
				5BD1CBAA1B3C687C00DC86C7 /* 3.jpg in Resources */,
				5BD1CBB11B3C687C00DC86C7 /* 8.jpg in Resources */,
				D731DA5F1B3BFE6900B896E6 /* Main.storyboard in Resources */,
				5BD1CBA91B3C687C00DC86C7 /* 2.jpg in Resources */,
				5BD1CBAC1B3C687C00DC86C7 /* 5.jpg in Resources */,
				5BD1CBA71B3C687C00DC86C7 /* 0.jpg in Resources */,
				5BD1CB9B1B3C61AF00DC86C7 /* delete.png in Resources */,
				5BD1CBA81B3C687C00DC86C7 /* 1.jpg in Resources */,
				5BD1CBAE1B3C687C00DC86C7 /* 7.jpg in Resources */,
				5BD1CBB01B3C687C00DC86C7 /* 10.jpg in Resources */,
				5BD1CBAF1B3C687C00DC86C7 /* 9.jpg in Resources */,
				D731DA641B3BFE6900B896E6 /* LaunchScreen.xib in Resources */,
				D731DA611B3BFE6900B896E6 /* Images.xcassets in Resources */,
			);
			runOnlyForDeploymentPostprocessing = 0;
		};
		D731DA671B3BFE6A00B896E6 /* Resources */ = {
			isa = PBXResourcesBuildPhase;
			buildActionMask = 2147483647;
			files = (
			);
			runOnlyForDeploymentPostprocessing = 0;
		};
/* End PBXResourcesBuildPhase section */

/* Begin PBXSourcesBuildPhase section */
		D731DA4C1B3BFE6900B896E6 /* Sources */ = {
			isa = PBXSourcesBuildPhase;
			buildActionMask = 2147483647;
			files = (
				D731DA821B3C00CD00B896E6 /* XPhoto.m in Sources */,
				D731DA5C1B3BFE6900B896E6 /* ViewController.m in Sources */,
				D731DA851B3C01C000B896E6 /* XPhotoView.m in Sources */,
				D731DA7F1B3C00A200B896E6 /* XPhotoBrowserViewController.m in Sources */,
				D731DA591B3BFE6900B896E6 /* AppDelegate.m in Sources */,
				D731DA561B3BFE6900B896E6 /* main.m in Sources */,
			);
			runOnlyForDeploymentPostprocessing = 0;
		};
		D731DA651B3BFE6A00B896E6 /* Sources */ = {
			isa = PBXSourcesBuildPhase;
			buildActionMask = 2147483647;
			files = (
				D731DA701B3BFE6A00B896E6 /* XPhotoBrowserTests.m in Sources */,
			);
			runOnlyForDeploymentPostprocessing = 0;
		};
/* End PBXSourcesBuildPhase section */

/* Begin PBXTargetDependency section */
		D731DA6B1B3BFE6A00B896E6 /* PBXTargetDependency */ = {
			isa = PBXTargetDependency;
			target = D731DA4F1B3BFE6900B896E6 /* XPhotoBrowser */;
			targetProxy = D731DA6A1B3BFE6A00B896E6 /* PBXContainerItemProxy */;
		};
/* End PBXTargetDependency section */

/* Begin PBXVariantGroup section */
		D731DA5D1B3BFE6900B896E6 /* Main.storyboard */ = {
			isa = PBXVariantGroup;
			children = (
				D731DA5E1B3BFE6900B896E6 /* Base */,
			);
			name = Main.storyboard;
			sourceTree = "<group>";
		};
		D731DA621B3BFE6900B896E6 /* LaunchScreen.xib */ = {
			isa = PBXVariantGroup;
			children = (
				D731DA631B3BFE6900B896E6 /* Base */,
			);
			name = LaunchScreen.xib;
			sourceTree = "<group>";
		};
/* End PBXVariantGroup section */

/* Begin XCBuildConfiguration section */
		D731DA711B3BFE6A00B896E6 /* Debug */ = {
			isa = XCBuildConfiguration;
			buildSettings = {
				ALWAYS_SEARCH_USER_PATHS = NO;
				CLANG_CXX_LANGUAGE_STANDARD = "gnu++0x";
				CLANG_CXX_LIBRARY = "libc++";
				CLANG_ENABLE_MODULES = YES;
				CLANG_ENABLE_OBJC_ARC = YES;
				CLANG_WARN_BOOL_CONVERSION = YES;
				CLANG_WARN_CONSTANT_CONVERSION = YES;
				CLANG_WARN_DIRECT_OBJC_ISA_USAGE = YES_ERROR;
				CLANG_WARN_EMPTY_BODY = YES;
				CLANG_WARN_ENUM_CONVERSION = YES;
				CLANG_WARN_INT_CONVERSION = YES;
				CLANG_WARN_OBJC_ROOT_CLASS = YES_ERROR;
				CLANG_WARN_UNREACHABLE_CODE = YES;
				CLANG_WARN__DUPLICATE_METHOD_MATCH = YES;
				"CODE_SIGN_IDENTITY[sdk=iphoneos*]" = "iPhone Developer";
				COPY_PHASE_STRIP = NO;
				DEBUG_INFORMATION_FORMAT = "dwarf-with-dsym";
				ENABLE_STRICT_OBJC_MSGSEND = YES;
				GCC_C_LANGUAGE_STANDARD = gnu99;
				GCC_DYNAMIC_NO_PIC = NO;
				GCC_NO_COMMON_BLOCKS = YES;
				GCC_OPTIMIZATION_LEVEL = 0;
				GCC_PREPROCESSOR_DEFINITIONS = (
					"DEBUG=1",
					"$(inherited)",
				);
				GCC_SYMBOLS_PRIVATE_EXTERN = NO;
				GCC_WARN_64_TO_32_BIT_CONVERSION = YES;
				GCC_WARN_ABOUT_RETURN_TYPE = YES_ERROR;
				GCC_WARN_UNDECLARED_SELECTOR = YES;
				GCC_WARN_UNINITIALIZED_AUTOS = YES_AGGRESSIVE;
				GCC_WARN_UNUSED_FUNCTION = YES;
				GCC_WARN_UNUSED_VARIABLE = YES;
				IPHONEOS_DEPLOYMENT_TARGET = 7.0;
				MTL_ENABLE_DEBUG_INFO = YES;
				ONLY_ACTIVE_ARCH = YES;
				SDKROOT = iphoneos;
			};
			name = Debug;
		};
		D731DA721B3BFE6A00B896E6 /* Release */ = {
			isa = XCBuildConfiguration;
			buildSettings = {
				ALWAYS_SEARCH_USER_PATHS = NO;
				CLANG_CXX_LANGUAGE_STANDARD = "gnu++0x";
				CLANG_CXX_LIBRARY = "libc++";
				CLANG_ENABLE_MODULES = YES;
				CLANG_ENABLE_OBJC_ARC = YES;
				CLANG_WARN_BOOL_CONVERSION = YES;
				CLANG_WARN_CONSTANT_CONVERSION = YES;
				CLANG_WARN_DIRECT_OBJC_ISA_USAGE = YES_ERROR;
				CLANG_WARN_EMPTY_BODY = YES;
				CLANG_WARN_ENUM_CONVERSION = YES;
				CLANG_WARN_INT_CONVERSION = YES;
				CLANG_WARN_OBJC_ROOT_CLASS = YES_ERROR;
				CLANG_WARN_UNREACHABLE_CODE = YES;
				CLANG_WARN__DUPLICATE_METHOD_MATCH = YES;
				"CODE_SIGN_IDENTITY[sdk=iphoneos*]" = "iPhone Developer";
				COPY_PHASE_STRIP = NO;
				DEBUG_INFORMATION_FORMAT = "dwarf-with-dsym";
				ENABLE_NS_ASSERTIONS = NO;
				ENABLE_STRICT_OBJC_MSGSEND = YES;
				GCC_C_LANGUAGE_STANDARD = gnu99;
				GCC_NO_COMMON_BLOCKS = YES;
				GCC_WARN_64_TO_32_BIT_CONVERSION = YES;
				GCC_WARN_ABOUT_RETURN_TYPE = YES_ERROR;
				GCC_WARN_UNDECLARED_SELECTOR = YES;
				GCC_WARN_UNINITIALIZED_AUTOS = YES_AGGRESSIVE;
				GCC_WARN_UNUSED_FUNCTION = YES;
				GCC_WARN_UNUSED_VARIABLE = YES;
				IPHONEOS_DEPLOYMENT_TARGET = 7.0;
				MTL_ENABLE_DEBUG_INFO = NO;
				SDKROOT = iphoneos;
				VALIDATE_PRODUCT = YES;
			};
			name = Release;
		};
		D731DA741B3BFE6A00B896E6 /* Debug */ = {
			isa = XCBuildConfiguration;
			buildSettings = {
				ASSETCATALOG_COMPILER_APPICON_NAME = AppIcon;
				CODE_SIGN_IDENTITY = "iPhone Developer: guan jianwen (SW4YZJPCX2)";
				INFOPLIST_FILE = XPhotoBrowser/Info.plist;
				LD_RUNPATH_SEARCH_PATHS = "$(inherited) @executable_path/Frameworks";
				PRODUCT_NAME = "$(TARGET_NAME)";
				PROVISIONING_PROFILE = "0c13b8c6-7b14-45ff-b58e-eb8032fce54d";
			};
			name = Debug;
		};
		D731DA751B3BFE6A00B896E6 /* Release */ = {
			isa = XCBuildConfiguration;
			buildSettings = {
				ASSETCATALOG_COMPILER_APPICON_NAME = AppIcon;
				CODE_SIGN_IDENTITY = "iPhone Developer: guan jianwen (SW4YZJPCX2)";
				INFOPLIST_FILE = XPhotoBrowser/Info.plist;
				LD_RUNPATH_SEARCH_PATHS = "$(inherited) @executable_path/Frameworks";
				PRODUCT_NAME = "$(TARGET_NAME)";
				PROVISIONING_PROFILE = "0c13b8c6-7b14-45ff-b58e-eb8032fce54d";
			};
			name = Release;
		};
		D731DA771B3BFE6A00B896E6 /* Debug */ = {
			isa = XCBuildConfiguration;
			buildSettings = {
				BUNDLE_LOADER = "$(TEST_HOST)";
				FRAMEWORK_SEARCH_PATHS = (
					"$(SDKROOT)/Developer/Library/Frameworks",
					"$(inherited)",
				);
				GCC_PREPROCESSOR_DEFINITIONS = (
					"DEBUG=1",
					"$(inherited)",
				);
				INFOPLIST_FILE = XPhotoBrowserTests/Info.plist;
				LD_RUNPATH_SEARCH_PATHS = "$(inherited) @executable_path/Frameworks @loader_path/Frameworks";
				PRODUCT_NAME = "$(TARGET_NAME)";
				TEST_HOST = "$(BUILT_PRODUCTS_DIR)/XPhotoBrowser.app/XPhotoBrowser";
			};
			name = Debug;
		};
		D731DA781B3BFE6A00B896E6 /* Release */ = {
			isa = XCBuildConfiguration;
			buildSettings = {
				BUNDLE_LOADER = "$(TEST_HOST)";
				FRAMEWORK_SEARCH_PATHS = (
					"$(SDKROOT)/Developer/Library/Frameworks",
					"$(inherited)",
				);
				INFOPLIST_FILE = XPhotoBrowserTests/Info.plist;
				LD_RUNPATH_SEARCH_PATHS = "$(inherited) @executable_path/Frameworks @loader_path/Frameworks";
				PRODUCT_NAME = "$(TARGET_NAME)";
				TEST_HOST = "$(BUILT_PRODUCTS_DIR)/XPhotoBrowser.app/XPhotoBrowser";
			};
			name = Release;
		};
/* End XCBuildConfiguration section */

/* Begin XCConfigurationList section */
		D731DA4B1B3BFE6900B896E6 /* Build configuration list for PBXProject "XPhotoBrowser" */ = {
			isa = XCConfigurationList;
			buildConfigurations = (
				D731DA711B3BFE6A00B896E6 /* Debug */,
				D731DA721B3BFE6A00B896E6 /* Release */,
			);
			defaultConfigurationIsVisible = 0;
			defaultConfigurationName = Release;
		};
		D731DA731B3BFE6A00B896E6 /* Build configuration list for PBXNativeTarget "XPhotoBrowser" */ = {
			isa = XCConfigurationList;
			buildConfigurations = (
				D731DA741B3BFE6A00B896E6 /* Debug */,
				D731DA751B3BFE6A00B896E6 /* Release */,
			);
			defaultConfigurationIsVisible = 0;
			defaultConfigurationName = Release;
		};
		D731DA761B3BFE6A00B896E6 /* Build configuration list for PBXNativeTarget "XPhotoBrowserTests" */ = {
			isa = XCConfigurationList;
			buildConfigurations = (
				D731DA771B3BFE6A00B896E6 /* Debug */,
				D731DA781B3BFE6A00B896E6 /* Release */,
			);
			defaultConfigurationIsVisible = 0;
			defaultConfigurationName = Release;
		};
/* End XCConfigurationList section */
	};
	rootObject = D731DA481B3BFE6900B896E6 /* Project object */;
}
